
Microsoft Visual Studio Solution File, Format Version 11.00
# Visual Studio 2010
Project("{E24C65DC-7377-472B-9ABA-BC803B73C61A}") = "fsbo", ".", "{D3FF8203-68B3-4E2F-BB62-4F00B72FAF89}"
	ProjectSection(WebsiteProperties) = preProject
		TargetFrameworkMoniker = ".NETFramework,Version%3Dv4.0"
		Debug.AspNetCompiler.VirtualPath = "/fsbo"
		Debug.AspNetCompiler.PhysicalPath = "..\fsbo\"
		Debug.AspNetCompiler.TargetPath = "PrecompiledWeb\fsbo\"
		Debug.AspNetCompiler.Updateable = "true"
		Debug.AspNetCompiler.ForceOverwrite = "true"
		Debug.AspNetCompiler.FixedNames = "false"
		Debug.AspNetCompiler.Debug = "True"
		Release.AspNetCompiler.VirtualPath = "/fsbo"
		Release.AspNetCompiler.PhysicalPath = "..\fsbo\"
		Release.AspNetCompiler.TargetPath = "PrecompiledWeb\fsbo\"
		Release.AspNetCompiler.Updateable = "true"
		Release.AspNetCompiler.ForceOverwrite = "true"
		Release.AspNetCompiler.FixedNames = "false"
		Release.AspNetCompiler.Debug = "False"
		VWDPort = "50382"
	EndProjectSection
EndProject
Global
	GlobalSection(SolutionConfigurationPlatforms) = preSolution
		Debug|Any CPU = Debug|Any CPU
	EndGlobalSection
	GlobalSection(ProjectConfigurationPlatforms) = postSolution
		{D3FF8203-68B3-4E2F-BB62-4F00B72FAF89}.Debug|Any CPU.ActiveCfg = Debug|Any CPU
		{D3FF8203-68B3-4E2F-BB62-4F00B72FAF89}.Debug|Any CPU.Build.0 = Debug|Any CPU
	EndGlobalSection
	GlobalSection(SolutionProperties) = preSolution
		HideSolutionNode = FALSE
	EndGlobalSection
EndGlobal
